
Microsoft Visual Studio Solution File, Format Version 12.00
# Visual Studio 15
VisualStudioVersion = 15.0.28307.572
MinimumVisualStudioVersion = 10.0.40219.1
Project("{9A19103F-16F7-4668-BE54-9A1E7A4F7556}") = "tcpserver", "tcpserver.csproj", "{B9FE4A32-B231-40B5-84A4-4CF980249AE9}"
EndProject
Global
	GlobalSection(SolutionConfigurationPlatforms) = preSolution
		Debug|Any CPU = Debug|Any CPU
		Release|Any CPU = Release|Any CPU
	EndGlobalSection
	GlobalSection(ProjectConfigurationPlatforms) = postSolution
		{B9FE4A32-B231-40B5-84A4-4CF980249AE9}.Debug|Any CPU.ActiveCfg = Debug|Any CPU
		{B9FE4A32-B231-40B5-84A4-4CF980249AE9}.Debug|Any CPU.Build.0 = Debug|Any CPU
		{B9FE4A32-B231-40B5-84A4-4CF980249AE9}.Release|Any CPU.ActiveCfg = Release|Any CPU
		{B9FE4A32-B231-40B5-84A4-4CF980249AE9}.Release|Any CPU.Build.0 = Release|Any CPU
	EndGlobalSection
	GlobalSection(SolutionProperties) = preSolution
		HideSolutionNode = FALSE
	EndGlobalSection
	GlobalSection(ExtensibilityGlobals) = postSolution
		SolutionGuid = {64878E79-9614-43B5-8AF9-4FC491C944F8}
	EndGlobalSection
EndGlobal
